
Microsoft Visual Studio Solution File, Format Version 12.00
# Visual Studio Version 17
VisualStudioVersion = 17.8.34316.72
MinimumVisualStudioVersion = 10.0.40219.1
Project("{8BC9CEB8-8B4A-11D0-8D11-00A0C91BC942}") = "Falling Colors", "Falling Colors.vcxproj", "{15B11EFE-D1B2-495E-A539-0F8324AD356E}"
EndProject
Global
	GlobalSection(SolutionConfigurationPlatforms) = preSolution
		Debug|x64 = Debug|x64
		Debug|x86 = Debug|x86
		Release|x64 = Release|x64
		Release|x86 = Release|x86
	EndGlobalSection
	GlobalSection(ProjectConfigurationPlatforms) = postSolution
		{15B11EFE-D1B2-495E-A539-0F8324AD356E}.Debug|x64.ActiveCfg = Debug|x64
		{15B11EFE-D1B2-495E-A539-0F8324AD356E}.Debug|x64.Build.0 = Debug|x64
		{15B11EFE-D1B2-495E-A539-0F8324AD356E}.Debug|x86.ActiveCfg = Debug|Win32
		{15B11EFE-D1B2-495E-A539-0F8324AD356E}.Debug|x86.Build.0 = Debug|Win32
		{15B11EFE-D1B2-495E-A539-0F8324AD356E}.Release|x64.ActiveCfg = Release|x64
		{15B11EFE-D1B2-495E-A539-0F8324AD356E}.Release|x64.Build.0 = Release|x64
		{15B11EFE-D1B2-495E-A539-0F8324AD356E}.Release|x86.ActiveCfg = Release|Win32
		{15B11EFE-D1B2-495E-A539-0F8324AD356E}.Release|x86.Build.0 = Release|Win32
	EndGlobalSection
	GlobalSection(SolutionProperties) = preSolution
		HideSolutionNode = FALSE
	EndGlobalSection
	GlobalSection(ExtensibilityGlobals) = postSolution
		SolutionGuid = {846D53B5-36D5-4B75-A082-15F751226CC1}
	EndGlobalSection
EndGlobal
